
Microsoft Visual Studio Solution File, Format Version 12.00
Project("{FAE04EC0-301F-11D3-BF4B-00C04F79EFBC}") = "azure-app-david-rider", "azure-app-david-rider\azure-app-david-rider.csproj", "{7EA1616E-645F-4CF6-A8B1-4050CF28397E}"
EndProject
Global
	GlobalSection(SolutionConfigurationPlatforms) = preSolution
		Debug|Any CPU = Debug|Any CPU
		Release|Any CPU = Release|Any CPU
	EndGlobalSection
	GlobalSection(ProjectConfigurationPlatforms) = postSolution
		{7EA1616E-645F-4CF6-A8B1-4050CF28397E}.Debug|Any CPU.ActiveCfg = Debug|Any CPU
		{7EA1616E-645F-4CF6-A8B1-4050CF28397E}.Debug|Any CPU.Build.0 = Debug|Any CPU
		{7EA1616E-645F-4CF6-A8B1-4050CF28397E}.Release|Any CPU.ActiveCfg = Release|Any CPU
		{7EA1616E-645F-4CF6-A8B1-4050CF28397E}.Release|Any CPU.Build.0 = Release|Any CPU
	EndGlobalSection
EndGlobal
